
Microsoft Visual Studio Solution File, Format Version 12.00
# Visual Studio Version 17
VisualStudioVersion = 17.6.33829.357
MinimumVisualStudioVersion = 10.0.40219.1
Project("{FAE04EC0-301F-11D3-BF4B-00C04F79EFBC}") = "Maneger", "Maneger\Maneger.csproj", "{C39F80EA-83AA-45AE-8F52-A3C3385B97BC}"
EndProject
Global
	GlobalSection(SolutionConfigurationPlatforms) = preSolution
		Debug|Any CPU = Debug|Any CPU
		Release|Any CPU = Release|Any CPU
	EndGlobalSection
	GlobalSection(ProjectConfigurationPlatforms) = postSolution
		{C39F80EA-83AA-45AE-8F52-A3C3385B97BC}.Debug|Any CPU.ActiveCfg = Debug|Any CPU
		{C39F80EA-83AA-45AE-8F52-A3C3385B97BC}.Debug|Any CPU.Build.0 = Debug|Any CPU
		{C39F80EA-83AA-45AE-8F52-A3C3385B97BC}.Release|Any CPU.ActiveCfg = Release|Any CPU
		{C39F80EA-83AA-45AE-8F52-A3C3385B97BC}.Release|Any CPU.Build.0 = Release|Any CPU
	EndGlobalSection
	GlobalSection(SolutionProperties) = preSolution
		HideSolutionNode = FALSE
	EndGlobalSection
	GlobalSection(ExtensibilityGlobals) = postSolution
		SolutionGuid = {7F9FB7E4-1172-48C0-BBE6-F838EF2480FB}
	EndGlobalSection
EndGlobal
